
Microsoft Visual Studio Solution File, Format Version 12.00
# Visual Studio 15
VisualStudioVersion = 15.0.28010.2036
MinimumVisualStudioVersion = 10.0.40219.1
Project("{888888A0-9F3D-457C-B088-3A5042F75D52}") = "CPP_Addon1", "CPP_Addon1\CPP_Addon1.pyproj", "{C1E3047A-553C-441A-9456-CA8EBD701915}"
EndProject
Global
	GlobalSection(SolutionConfigurationPlatforms) = preSolution
		Debug|Any CPU = Debug|Any CPU
		Release|Any CPU = Release|Any CPU
	EndGlobalSection
	GlobalSection(ProjectConfigurationPlatforms) = postSolution
		{C1E3047A-553C-441A-9456-CA8EBD701915}.Debug|Any CPU.ActiveCfg = Debug|Any CPU
		{C1E3047A-553C-441A-9456-CA8EBD701915}.Release|Any CPU.ActiveCfg = Release|Any CPU
	EndGlobalSection
	GlobalSection(SolutionProperties) = preSolution
		HideSolutionNode = FALSE
	EndGlobalSection
	GlobalSection(ExtensibilityGlobals) = postSolution
		SolutionGuid = {1506FE8B-31EC-40AE-84F2-42D32D497582}
	EndGlobalSection
EndGlobal
